
Microsoft Visual Studio Solution File, Format Version 12.00
# Visual Studio 14
VisualStudioVersion = 14.0.24720.0
MinimumVisualStudioVersion = 10.0.40219.1
Project("{FAE04EC0-301F-11D3-BF4B-00C04F79EFBC}") = "WinForm", "WinForm\WinForm.csproj", "{746FB650-B2FF-493D-9FEE-116CDE2878C2}"
EndProject
Global
	GlobalSection(SolutionConfigurationPlatforms) = preSolution
		Debug|Any CPU = Debug|Any CPU
		Release|Any CPU = Release|Any CPU
	EndGlobalSection
	GlobalSection(ProjectConfigurationPlatforms) = postSolution
		{746FB650-B2FF-493D-9FEE-116CDE2878C2}.Debug|Any CPU.ActiveCfg = Debug|Any CPU
		{746FB650-B2FF-493D-9FEE-116CDE2878C2}.Debug|Any CPU.Build.0 = Debug|Any CPU
		{746FB650-B2FF-493D-9FEE-116CDE2878C2}.Release|Any CPU.ActiveCfg = Release|Any CPU
		{746FB650-B2FF-493D-9FEE-116CDE2878C2}.Release|Any CPU.Build.0 = Release|Any CPU
	EndGlobalSection
	GlobalSection(SolutionProperties) = preSolution
		HideSolutionNode = FALSE
	EndGlobalSection
EndGlobal
